{
  "pins" : [
    {
      "identity" : "inject",
      "kind" : "remoteSourceControl",
      "location" : "https://github.com/krzysztofzablocki/Inject.git",
      "state" : {
        "revision" : "d8def72472095f3da09c6fcb80e3f4a51188f4ad",
        "version" : "1.0.5"
      }
    }
  ],
  "version" : 2
}
