{
  "pins" : [
    {
      "identity" : "inject",
      "kind" : "remoteSourceControl",
      "location" : "https://github.com/krzysztofzablocki/Inject.git",
      "state" : {
        "revision" : "84ebbde86df4ec7532e8bfc6ad1fe4ed2ca1114f",
        "version" : "1.0.3"
      }
    }
  ],
  "version" : 2
}
